
Microsoft Visual Studio Solution File, Format Version 12.00
# Visual Studio Version 16
VisualStudioVersion = 16.0.29503.13
MinimumVisualStudioVersion = 10.0.40219.1
Project("{9A19103F-16F7-4668-BE54-9A1E7A4F7556}") = "DpAutomation.Test", "ClassLibrary1\DpAutomation.Test.csproj", "{986D9C23-34E5-481D-A4D4-952F7ECC57C3}"
EndProject
Global
	GlobalSection(SolutionConfigurationPlatforms) = preSolution
		Debug|Any CPU = Debug|Any CPU
		Release|Any CPU = Release|Any CPU
	EndGlobalSection
	GlobalSection(ProjectConfigurationPlatforms) = postSolution
		{986D9C23-34E5-481D-A4D4-952F7ECC57C3}.Debug|Any CPU.ActiveCfg = Debug|Any CPU
		{986D9C23-34E5-481D-A4D4-952F7ECC57C3}.Debug|Any CPU.Build.0 = Debug|Any CPU
		{986D9C23-34E5-481D-A4D4-952F7ECC57C3}.Release|Any CPU.ActiveCfg = Release|Any CPU
		{986D9C23-34E5-481D-A4D4-952F7ECC57C3}.Release|Any CPU.Build.0 = Release|Any CPU
	EndGlobalSection
	GlobalSection(SolutionProperties) = preSolution
		HideSolutionNode = FALSE
	EndGlobalSection
	GlobalSection(ExtensibilityGlobals) = postSolution
		SolutionGuid = {89E6E7CB-152B-45E1-9925-98C391F9D362}
	EndGlobalSection
EndGlobal
